// !$*UTF8*$!
{
	archiveVersion = 1;
	classes = {
	};
	objectVersion = 56;
	objects = {

/* Begin PBXBuildFile section */
		786B6D642BCBCA59003EB05F /* BigBangAppApp.swift in Sources */ = {isa = PBXBuildFile; fileRef = 786B6D632BCBCA59003EB05F /* BigBangAppApp.swift */; };
		786B6D662BCBCA59003EB05F /* MainView.swift in Sources */ = {isa = PBXBuildFile; fileRef = 786B6D652BCBCA59003EB05F /* MainView.swift */; };
		786B6D682BCBCA5A003EB05F /* Assets.xcassets in Resources */ = {isa = PBXBuildFile; fileRef = 786B6D672BCBCA5A003EB05F /* Assets.xcassets */; };
		786B6D6B2BCBCA5A003EB05F /* Preview Assets.xcassets in Resources */ = {isa = PBXBuildFile; fileRef = 786B6D6A2BCBCA5A003EB05F /* Preview Assets.xcassets */; };
		786B6D752BCBCA5A003EB05F /* BigBangAppTests.swift in Sources */ = {isa = PBXBuildFile; fileRef = 786B6D742BCBCA5A003EB05F /* BigBangAppTests.swift */; };
		786B6D7F2BCBCA5A003EB05F /* BigBangAppUITests.swift in Sources */ = {isa = PBXBuildFile; fileRef = 786B6D7E2BCBCA5A003EB05F /* BigBangAppUITests.swift */; };
		786B6D812BCBCA5A003EB05F /* BigBangAppUITestsLaunchTests.swift in Sources */ = {isa = PBXBuildFile; fileRef = 786B6D802BCBCA5A003EB05F /* BigBangAppUITestsLaunchTests.swift */; };
		786B6D922BCBCB2D003EB05F /* BigBangModel.swift in Sources */ = {isa = PBXBuildFile; fileRef = 786B6D912BCBCB2D003EB05F /* BigBangModel.swift */; };
		786B6D972BCBCFCE003EB05F /* BigBangVM.swift in Sources */ = {isa = PBXBuildFile; fileRef = 786B6D962BCBCFCE003EB05F /* BigBangVM.swift */; };
		786B6D9A2BCBD183003EB05F /* DataInteractorProtocol.swift in Sources */ = {isa = PBXBuildFile; fileRef = 786B6D992BCBD183003EB05F /* DataInteractorProtocol.swift */; };
		786B6D9C2BCBD296003EB05F /* LocalDataInteractor.swift in Sources */ = {isa = PBXBuildFile; fileRef = 786B6D9B2BCBD296003EB05F /* LocalDataInteractor.swift */; };
		786B6DA02BCBDCDE003EB05F /* OrderOptionsEnum.swift in Sources */ = {isa = PBXBuildFile; fileRef = 786B6D9F2BCBDCDE003EB05F /* OrderOptionsEnum.swift */; };
		786B6DA22BCBDE06003EB05F /* SortButtonView.swift in Sources */ = {isa = PBXBuildFile; fileRef = 786B6DA12BCBDE06003EB05F /* SortButtonView.swift */; };
		786B6DA42BCBE8F9003EB05F /* BigBang.json in Resources */ = {isa = PBXBuildFile; fileRef = 786B6DA32BCBE8F9003EB05F /* BigBang.json */; };
		786B6DA72BCC27DD003EB05F /* CheckboxToggleStyle.swift in Sources */ = {isa = PBXBuildFile; fileRef = 786B6DA62BCC27DD003EB05F /* CheckboxToggleStyle.swift */; };
		786B6DAA2BCC6849003EB05F /* BigBangModelDTO.swift in Sources */ = {isa = PBXBuildFile; fileRef = 786B6DA92BCC6849003EB05F /* BigBangModelDTO.swift */; };
		787101852BCD436E00941480 /* BigBangTest.json in Resources */ = {isa = PBXBuildFile; fileRef = 787101842BCD436E00941480 /* BigBangTest.json */; };
		787101882BCD5B6600941480 /* StarRatingView.swift in Sources */ = {isa = PBXBuildFile; fileRef = 787101872BCD5B6600941480 /* StarRatingView.swift */; };
		7871018A2BCD5C2F00941480 /* RatingView.swift in Sources */ = {isa = PBXBuildFile; fileRef = 787101892BCD5C2F00941480 /* RatingView.swift */; };
		7871018F2BCD725500941480 /* EpisodeDetail.swift in Sources */ = {isa = PBXBuildFile; fileRef = 7871018E2BCD725500941480 /* EpisodeDetail.swift */; };
		787101912BCD749700941480 /* EpisodeView.swift in Sources */ = {isa = PBXBuildFile; fileRef = 787101902BCD749700941480 /* EpisodeView.swift */; };
		787AC6B22BD53C3E003B8A42 /* Previews.swift in Sources */ = {isa = PBXBuildFile; fileRef = 787AC6B12BD53C3E003B8A42 /* Previews.swift */; };
		789F33E12BD49B8A00BAB2A5 /* SerieProgressView.swift in Sources */ = {isa = PBXBuildFile; fileRef = 789F33E02BD49B8A00BAB2A5 /* SerieProgressView.swift */; };
		789F33E42BD4A01400BAB2A5 /* CircularProgressView.swift in Sources */ = {isa = PBXBuildFile; fileRef = 789F33E32BD4A01400BAB2A5 /* CircularProgressView.swift */; };
/* End PBXBuildFile section */

/* Begin PBXContainerItemProxy section */
		786B6D712BCBCA5A003EB05F /* PBXContainerItemProxy */ = {
			isa = PBXContainerItemProxy;
			containerPortal = 786B6D582BCBCA59003EB05F /* Project object */;
			proxyType = 1;
			remoteGlobalIDString = 786B6D5F2BCBCA59003EB05F;
			remoteInfo = BigBangApp;
		};
		786B6D7B2BCBCA5A003EB05F /* PBXContainerItemProxy */ = {
			isa = PBXContainerItemProxy;
			containerPortal = 786B6D582BCBCA59003EB05F /* Project object */;
			proxyType = 1;
			remoteGlobalIDString = 786B6D5F2BCBCA59003EB05F;
			remoteInfo = BigBangApp;
		};
/* End PBXContainerItemProxy section */

/* Begin PBXFileReference section */
		786B6D602BCBCA59003EB05F /* BigBangApp.app */ = {isa = PBXFileReference; explicitFileType = wrapper.application; includeInIndex = 0; path = BigBangApp.app; sourceTree = BUILT_PRODUCTS_DIR; };
		786B6D632BCBCA59003EB05F /* BigBangAppApp.swift */ = {isa = PBXFileReference; lastKnownFileType = sourcecode.swift; path = BigBangAppApp.swift; sourceTree = "<group>"; };
		786B6D652BCBCA59003EB05F /* MainView.swift */ = {isa = PBXFileReference; lastKnownFileType = sourcecode.swift; path = MainView.swift; sourceTree = "<group>"; };
		786B6D672BCBCA5A003EB05F /* Assets.xcassets */ = {isa = PBXFileReference; lastKnownFileType = folder.assetcatalog; path = Assets.xcassets; sourceTree = "<group>"; };
		786B6D6A2BCBCA5A003EB05F /* Preview Assets.xcassets */ = {isa = PBXFileReference; lastKnownFileType = folder.assetcatalog; path = "Preview Assets.xcassets"; sourceTree = "<group>"; };
		786B6D702BCBCA5A003EB05F /* BigBangAppTests.xctest */ = {isa = PBXFileReference; explicitFileType = wrapper.cfbundle; includeInIndex = 0; path = BigBangAppTests.xctest; sourceTree = BUILT_PRODUCTS_DIR; };
		786B6D742BCBCA5A003EB05F /* BigBangAppTests.swift */ = {isa = PBXFileReference; lastKnownFileType = sourcecode.swift; path = BigBangAppTests.swift; sourceTree = "<group>"; };
		786B6D7A2BCBCA5A003EB05F /* BigBangAppUITests.xctest */ = {isa = PBXFileReference; explicitFileType = wrapper.cfbundle; includeInIndex = 0; path = BigBangAppUITests.xctest; sourceTree = BUILT_PRODUCTS_DIR; };
		786B6D7E2BCBCA5A003EB05F /* BigBangAppUITests.swift */ = {isa = PBXFileReference; lastKnownFileType = sourcecode.swift; path = BigBangAppUITests.swift; sourceTree = "<group>"; };
		786B6D802BCBCA5A003EB05F /* BigBangAppUITestsLaunchTests.swift */ = {isa = PBXFileReference; lastKnownFileType = sourcecode.swift; path = BigBangAppUITestsLaunchTests.swift; sourceTree = "<group>"; };
		786B6D912BCBCB2D003EB05F /* BigBangModel.swift */ = {isa = PBXFileReference; lastKnownFileType = sourcecode.swift; path = BigBangModel.swift; sourceTree = "<group>"; };
		786B6D962BCBCFCE003EB05F /* BigBangVM.swift */ = {isa = PBXFileReference; lastKnownFileType = sourcecode.swift; path = BigBangVM.swift; sourceTree = "<group>"; };
		786B6D992BCBD183003EB05F /* DataInteractorProtocol.swift */ = {isa = PBXFileReference; lastKnownFileType = sourcecode.swift; path = DataInteractorProtocol.swift; sourceTree = "<group>"; };
		786B6D9B2BCBD296003EB05F /* LocalDataInteractor.swift */ = {isa = PBXFileReference; lastKnownFileType = sourcecode.swift; path = LocalDataInteractor.swift; sourceTree = "<group>"; };
		786B6D9F2BCBDCDE003EB05F /* OrderOptionsEnum.swift */ = {isa = PBXFileReference; lastKnownFileType = sourcecode.swift; path = OrderOptionsEnum.swift; sourceTree = "<group>"; };
		786B6DA12BCBDE06003EB05F /* SortButtonView.swift */ = {isa = PBXFileReference; lastKnownFileType = sourcecode.swift; path = SortButtonView.swift; sourceTree = "<group>"; };
		786B6DA32BCBE8F9003EB05F /* BigBang.json */ = {isa = PBXFileReference; fileEncoding = 4; lastKnownFileType = text.json; path = BigBang.json; sourceTree = "<group>"; };
		786B6DA62BCC27DD003EB05F /* CheckboxToggleStyle.swift */ = {isa = PBXFileReference; lastKnownFileType = sourcecode.swift; path = CheckboxToggleStyle.swift; sourceTree = "<group>"; };
		786B6DA92BCC6849003EB05F /* BigBangModelDTO.swift */ = {isa = PBXFileReference; lastKnownFileType = sourcecode.swift; path = BigBangModelDTO.swift; sourceTree = "<group>"; };
		787101842BCD436E00941480 /* BigBangTest.json */ = {isa = PBXFileReference; fileEncoding = 4; lastKnownFileType = text.json; path = BigBangTest.json; sourceTree = "<group>"; };
		787101872BCD5B6600941480 /* StarRatingView.swift */ = {isa = PBXFileReference; lastKnownFileType = sourcecode.swift; path = StarRatingView.swift; sourceTree = "<group>"; };
		787101892BCD5C2F00941480 /* RatingView.swift */ = {isa = PBXFileReference; lastKnownFileType = sourcecode.swift; path = RatingView.swift; sourceTree = "<group>"; };
		7871018E2BCD725500941480 /* EpisodeDetail.swift */ = {isa = PBXFileReference; lastKnownFileType = sourcecode.swift; path = EpisodeDetail.swift; sourceTree = "<group>"; };
		787101902BCD749700941480 /* EpisodeView.swift */ = {isa = PBXFileReference; lastKnownFileType = sourcecode.swift; path = EpisodeView.swift; sourceTree = "<group>"; };
		787AC6B12BD53C3E003B8A42 /* Previews.swift */ = {isa = PBXFileReference; lastKnownFileType = sourcecode.swift; path = Previews.swift; sourceTree = "<group>"; };
		789F33E02BD49B8A00BAB2A5 /* SerieProgressView.swift */ = {isa = PBXFileReference; lastKnownFileType = sourcecode.swift; path = SerieProgressView.swift; sourceTree = "<group>"; };
		789F33E32BD4A01400BAB2A5 /* CircularProgressView.swift */ = {isa = PBXFileReference; lastKnownFileType = sourcecode.swift; path = CircularProgressView.swift; sourceTree = "<group>"; };
/* End PBXFileReference section */

/* Begin PBXFrameworksBuildPhase section */
		786B6D5D2BCBCA59003EB05F /* Frameworks */ = {
			isa = PBXFrameworksBuildPhase;
			buildActionMask = 2147483647;
			files = (
			);
			runOnlyForDeploymentPostprocessing = 0;
		};
		786B6D6D2BCBCA5A003EB05F /* Frameworks */ = {
			isa = PBXFrameworksBuildPhase;
			buildActionMask = 2147483647;
			files = (
			);
			runOnlyForDeploymentPostprocessing = 0;
		};
		786B6D772BCBCA5A003EB05F /* Frameworks */ = {
			isa = PBXFrameworksBuildPhase;
			buildActionMask = 2147483647;
			files = (
			);
			runOnlyForDeploymentPostprocessing = 0;
		};
/* End PBXFrameworksBuildPhase section */

/* Begin PBXGroup section */
		786B6D572BCBCA59003EB05F = {
			isa = PBXGroup;
			children = (
				786B6D982BCBCFFF003EB05F /* BigBangAPI */,
				786B6D622BCBCA59003EB05F /* BigBangApp */,
				786B6D732BCBCA5A003EB05F /* BigBangAppTests */,
				786B6D7D2BCBCA5A003EB05F /* BigBangAppUITests */,
				786B6D612BCBCA59003EB05F /* Products */,
			);
			sourceTree = "<group>";
		};
		786B6D612BCBCA59003EB05F /* Products */ = {
			isa = PBXGroup;
			children = (
				786B6D602BCBCA59003EB05F /* BigBangApp.app */,
				786B6D702BCBCA5A003EB05F /* BigBangAppTests.xctest */,
				786B6D7A2BCBCA5A003EB05F /* BigBangAppUITests.xctest */,
			);
			name = Products;
			sourceTree = "<group>";
		};
		786B6D622BCBCA59003EB05F /* BigBangApp */ = {
			isa = PBXGroup;
			children = (
				787101812BCD3F0A00941480 /* Utils */,
				786B6D902BCBCB10003EB05F /* Models */,
				786B6D8D2BCBCA69003EB05F /* AppInit */,
				786B6D8F2BCBCA97003EB05F /* Views */,
				786B6D8E2BCBCA7F003EB05F /* Resources */,
			);
			path = BigBangApp;
			sourceTree = "<group>";
		};
		786B6D692BCBCA5A003EB05F /* Preview Content */ = {
			isa = PBXGroup;
			children = (
				787101842BCD436E00941480 /* BigBangTest.json */,
				786B6D6A2BCBCA5A003EB05F /* Preview Assets.xcassets */,
				787AC6B12BD53C3E003B8A42 /* Previews.swift */,
			);
			path = "Preview Content";
			sourceTree = "<group>";
		};
		786B6D732BCBCA5A003EB05F /* BigBangAppTests */ = {
			isa = PBXGroup;
			children = (
				786B6D742BCBCA5A003EB05F /* BigBangAppTests.swift */,
			);
			path = BigBangAppTests;
			sourceTree = "<group>";
		};
		786B6D7D2BCBCA5A003EB05F /* BigBangAppUITests */ = {
			isa = PBXGroup;
			children = (
				786B6D7E2BCBCA5A003EB05F /* BigBangAppUITests.swift */,
				786B6D802BCBCA5A003EB05F /* BigBangAppUITestsLaunchTests.swift */,
			);
			path = BigBangAppUITests;
			sourceTree = "<group>";
		};
		786B6D8D2BCBCA69003EB05F /* AppInit */ = {
			isa = PBXGroup;
			children = (
				786B6D632BCBCA59003EB05F /* BigBangAppApp.swift */,
				786B6D962BCBCFCE003EB05F /* BigBangVM.swift */,
			);
			path = AppInit;
			sourceTree = "<group>";
		};
		786B6D8E2BCBCA7F003EB05F /* Resources */ = {
			isa = PBXGroup;
			children = (
				786B6DA32BCBE8F9003EB05F /* BigBang.json */,
				786B6D672BCBCA5A003EB05F /* Assets.xcassets */,
				786B6D692BCBCA5A003EB05F /* Preview Content */,
			);
			path = Resources;
			sourceTree = "<group>";
		};
		786B6D8F2BCBCA97003EB05F /* Views */ = {
			isa = PBXGroup;
			children = (
				789F33DF2BD49B5C00BAB2A5 /* SerieProgress */,
				7871018B2BCD723000941480 /* Detail */,
				786B6D9D2BCBDCA1003EB05F /* ReusableComponents */,
				786B6D942BCBCFAA003EB05F /* Main */,
			);
			path = Views;
			sourceTree = "<group>";
		};
		786B6D902BCBCB10003EB05F /* Models */ = {
			isa = PBXGroup;
			children = (
				786B6D912BCBCB2D003EB05F /* BigBangModel.swift */,
			);
			path = Models;
			sourceTree = "<group>";
		};
		786B6D942BCBCFAA003EB05F /* Main */ = {
			isa = PBXGroup;
			children = (
				786B6D652BCBCA59003EB05F /* MainView.swift */,
				787101902BCD749700941480 /* EpisodeView.swift */,
			);
			path = Main;
			sourceTree = "<group>";
		};
		786B6D982BCBCFFF003EB05F /* BigBangAPI */ = {
			isa = PBXGroup;
			children = (
				786B6DA82BCC6828003EB05F /* DTOs */,
				786B6D992BCBD183003EB05F /* DataInteractorProtocol.swift */,
				786B6D9B2BCBD296003EB05F /* LocalDataInteractor.swift */,
			);
			path = BigBangAPI;
			sourceTree = "<group>";
		};
		786B6D9D2BCBDCA1003EB05F /* ReusableComponents */ = {
			isa = PBXGroup;
			children = (
				789F33E22BD4A00300BAB2A5 /* CircularProgressView */,
				787101862BCD5B5000941480 /* 5StarsRating */,
				786B6DA52BCC27C7003EB05F /* CircularCheckBox */,
				786B6D9E2BCBDCB1003EB05F /* SortingOptionButton */,
			);
			path = ReusableComponents;
			sourceTree = "<group>";
		};
		786B6D9E2BCBDCB1003EB05F /* SortingOptionButton */ = {
			isa = PBXGroup;
			children = (
				786B6D9F2BCBDCDE003EB05F /* OrderOptionsEnum.swift */,
				786B6DA12BCBDE06003EB05F /* SortButtonView.swift */,
			);
			path = SortingOptionButton;
			sourceTree = "<group>";
		};
		786B6DA52BCC27C7003EB05F /* CircularCheckBox */ = {
			isa = PBXGroup;
			children = (
				786B6DA62BCC27DD003EB05F /* CheckboxToggleStyle.swift */,
			);
			path = CircularCheckBox;
			sourceTree = "<group>";
		};
		786B6DA82BCC6828003EB05F /* DTOs */ = {
			isa = PBXGroup;
			children = (
				786B6DA92BCC6849003EB05F /* BigBangModelDTO.swift */,
			);
			path = DTOs;
			sourceTree = "<group>";
		};
		787101812BCD3F0A00941480 /* Utils */ = {
			isa = PBXGroup;
			children = (
			);
			path = Utils;
			sourceTree = "<group>";
		};
		787101862BCD5B5000941480 /* 5StarsRating */ = {
			isa = PBXGroup;
			children = (
				787101872BCD5B6600941480 /* StarRatingView.swift */,
				787101892BCD5C2F00941480 /* RatingView.swift */,
			);
			path = 5StarsRating;
			sourceTree = "<group>";
		};
		7871018B2BCD723000941480 /* Detail */ = {
			isa = PBXGroup;
			children = (
				7871018E2BCD725500941480 /* EpisodeDetail.swift */,
			);
			path = Detail;
			sourceTree = "<group>";
		};
		789F33DF2BD49B5C00BAB2A5 /* SerieProgress */ = {
			isa = PBXGroup;
			children = (
				789F33E02BD49B8A00BAB2A5 /* SerieProgressView.swift */,
			);
			path = SerieProgress;
			sourceTree = "<group>";
		};
		789F33E22BD4A00300BAB2A5 /* CircularProgressView */ = {
			isa = PBXGroup;
			children = (
				789F33E32BD4A01400BAB2A5 /* CircularProgressView.swift */,
			);
			path = CircularProgressView;
			sourceTree = "<group>";
		};
/* End PBXGroup section */

/* Begin PBXNativeTarget section */
		786B6D5F2BCBCA59003EB05F /* BigBangApp */ = {
			isa = PBXNativeTarget;
			buildConfigurationList = 786B6D842BCBCA5A003EB05F /* Build configuration list for PBXNativeTarget "BigBangApp" */;
			buildPhases = (
				786B6D5C2BCBCA59003EB05F /* Sources */,
				786B6D5D2BCBCA59003EB05F /* Frameworks */,
				786B6D5E2BCBCA59003EB05F /* Resources */,
			);
			buildRules = (
			);
			dependencies = (
			);
			name = BigBangApp;
			productName = BigBangApp;
			productReference = 786B6D602BCBCA59003EB05F /* BigBangApp.app */;
			productType = "com.apple.product-type.application";
		};
		786B6D6F2BCBCA5A003EB05F /* BigBangAppTests */ = {
			isa = PBXNativeTarget;
			buildConfigurationList = 786B6D872BCBCA5A003EB05F /* Build configuration list for PBXNativeTarget "BigBangAppTests" */;
			buildPhases = (
				786B6D6C2BCBCA5A003EB05F /* Sources */,
				786B6D6D2BCBCA5A003EB05F /* Frameworks */,
				786B6D6E2BCBCA5A003EB05F /* Resources */,
			);
			buildRules = (
			);
			dependencies = (
				786B6D722BCBCA5A003EB05F /* PBXTargetDependency */,
			);
			name = BigBangAppTests;
			productName = BigBangAppTests;
			productReference = 786B6D702BCBCA5A003EB05F /* BigBangAppTests.xctest */;
			productType = "com.apple.product-type.bundle.unit-test";
		};
		786B6D792BCBCA5A003EB05F /* BigBangAppUITests */ = {
			isa = PBXNativeTarget;
			buildConfigurationList = 786B6D8A2BCBCA5A003EB05F /* Build configuration list for PBXNativeTarget "BigBangAppUITests" */;
			buildPhases = (
				786B6D762BCBCA5A003EB05F /* Sources */,
				786B6D772BCBCA5A003EB05F /* Frameworks */,
				786B6D782BCBCA5A003EB05F /* Resources */,
			);
			buildRules = (
			);
			dependencies = (
				786B6D7C2BCBCA5A003EB05F /* PBXTargetDependency */,
			);
			name = BigBangAppUITests;
			productName = BigBangAppUITests;
			productReference = 786B6D7A2BCBCA5A003EB05F /* BigBangAppUITests.xctest */;
			productType = "com.apple.product-type.bundle.ui-testing";
		};
/* End PBXNativeTarget section */

/* Begin PBXProject section */
		786B6D582BCBCA59003EB05F /* Project object */ = {
			isa = PBXProject;
			attributes = {
				BuildIndependentTargetsInParallel = 1;
				LastSwiftUpdateCheck = 1520;
				LastUpgradeCheck = 1520;
				TargetAttributes = {
					786B6D5F2BCBCA59003EB05F = {
						CreatedOnToolsVersion = 15.2;
					};
					786B6D6F2BCBCA5A003EB05F = {
						CreatedOnToolsVersion = 15.2;
						TestTargetID = 786B6D5F2BCBCA59003EB05F;
					};
					786B6D792BCBCA5A003EB05F = {
						CreatedOnToolsVersion = 15.2;
						TestTargetID = 786B6D5F2BCBCA59003EB05F;
					};
				};
			};
			buildConfigurationList = 786B6D5B2BCBCA59003EB05F /* Build configuration list for PBXProject "BigBangApp" */;
			compatibilityVersion = "Xcode 14.0";
			developmentRegion = en;
			hasScannedForEncodings = 0;
			knownRegions = (
				en,
				Base,
			);
			mainGroup = 786B6D572BCBCA59003EB05F;
			productRefGroup = 786B6D612BCBCA59003EB05F /* Products */;
			projectDirPath = "";
			projectRoot = "";
			targets = (
				786B6D5F2BCBCA59003EB05F /* BigBangApp */,
				786B6D6F2BCBCA5A003EB05F /* BigBangAppTests */,
				786B6D792BCBCA5A003EB05F /* BigBangAppUITests */,
			);
		};
/* End PBXProject section */

/* Begin PBXResourcesBuildPhase section */
		786B6D5E2BCBCA59003EB05F /* Resources */ = {
			isa = PBXResourcesBuildPhase;
			buildActionMask = 2147483647;
			files = (
				786B6D6B2BCBCA5A003EB05F /* Preview Assets.xcassets in Resources */,
				786B6DA42BCBE8F9003EB05F /* BigBang.json in Resources */,
				787101852BCD436E00941480 /* BigBangTest.json in Resources */,
				786B6D682BCBCA5A003EB05F /* Assets.xcassets in Resources */,
			);
			runOnlyForDeploymentPostprocessing = 0;
		};
		786B6D6E2BCBCA5A003EB05F /* Resources */ = {
			isa = PBXResourcesBuildPhase;
			buildActionMask = 2147483647;
			files = (
			);
			runOnlyForDeploymentPostprocessing = 0;
		};
		786B6D782BCBCA5A003EB05F /* Resources */ = {
			isa = PBXResourcesBuildPhase;
			buildActionMask = 2147483647;
			files = (
			);
			runOnlyForDeploymentPostprocessing = 0;
		};
/* End PBXResourcesBuildPhase section */

/* Begin PBXSourcesBuildPhase section */
		786B6D5C2BCBCA59003EB05F /* Sources */ = {
			isa = PBXSourcesBuildPhase;
			buildActionMask = 2147483647;
			files = (
				7871018F2BCD725500941480 /* EpisodeDetail.swift in Sources */,
				789F33E12BD49B8A00BAB2A5 /* SerieProgressView.swift in Sources */,
				786B6D9C2BCBD296003EB05F /* LocalDataInteractor.swift in Sources */,
				787101882BCD5B6600941480 /* StarRatingView.swift in Sources */,
				787AC6B22BD53C3E003B8A42 /* Previews.swift in Sources */,
				786B6D9A2BCBD183003EB05F /* DataInteractorProtocol.swift in Sources */,
				787101912BCD749700941480 /* EpisodeView.swift in Sources */,
				786B6DA02BCBDCDE003EB05F /* OrderOptionsEnum.swift in Sources */,
				786B6D662BCBCA59003EB05F /* MainView.swift in Sources */,
				786B6DAA2BCC6849003EB05F /* BigBangModelDTO.swift in Sources */,
				786B6D642BCBCA59003EB05F /* BigBangAppApp.swift in Sources */,
				789F33E42BD4A01400BAB2A5 /* CircularProgressView.swift in Sources */,
				7871018A2BCD5C2F00941480 /* RatingView.swift in Sources */,
				786B6DA22BCBDE06003EB05F /* SortButtonView.swift in Sources */,
				786B6D922BCBCB2D003EB05F /* BigBangModel.swift in Sources */,
				786B6DA72BCC27DD003EB05F /* CheckboxToggleStyle.swift in Sources */,
				786B6D972BCBCFCE003EB05F /* BigBangVM.swift in Sources */,
			);
			runOnlyForDeploymentPostprocessing = 0;
		};
		786B6D6C2BCBCA5A003EB05F /* Sources */ = {
			isa = PBXSourcesBuildPhase;
			buildActionMask = 2147483647;
			files = (
				786B6D752BCBCA5A003EB05F /* BigBangAppTests.swift in Sources */,
			);
			runOnlyForDeploymentPostprocessing = 0;
		};
		786B6D762BCBCA5A003EB05F /* Sources */ = {
			isa = PBXSourcesBuildPhase;
			buildActionMask = 2147483647;
			files = (
				786B6D7F2BCBCA5A003EB05F /* BigBangAppUITests.swift in Sources */,
				786B6D812BCBCA5A003EB05F /* BigBangAppUITestsLaunchTests.swift in Sources */,
			);
			runOnlyForDeploymentPostprocessing = 0;
		};
/* End PBXSourcesBuildPhase section */

/* Begin PBXTargetDependency section */
		786B6D722BCBCA5A003EB05F /* PBXTargetDependency */ = {
			isa = PBXTargetDependency;
			target = 786B6D5F2BCBCA59003EB05F /* BigBangApp */;
			targetProxy = 786B6D712BCBCA5A003EB05F /* PBXContainerItemProxy */;
		};
		786B6D7C2BCBCA5A003EB05F /* PBXTargetDependency */ = {
			isa = PBXTargetDependency;
			target = 786B6D5F2BCBCA59003EB05F /* BigBangApp */;
			targetProxy = 786B6D7B2BCBCA5A003EB05F /* PBXContainerItemProxy */;
		};
/* End PBXTargetDependency section */

/* Begin XCBuildConfiguration section */
		786B6D822BCBCA5A003EB05F /* Debug */ = {
			isa = XCBuildConfiguration;
			buildSettings = {
				ALWAYS_SEARCH_USER_PATHS = NO;
				ASSETCATALOG_COMPILER_GENERATE_SWIFT_ASSET_SYMBOL_EXTENSIONS = YES;
				CLANG_ANALYZER_NONNULL = YES;
				CLANG_ANALYZER_NUMBER_OBJECT_CONVERSION = YES_AGGRESSIVE;
				CLANG_CXX_LANGUAGE_STANDARD = "gnu++20";
				CLANG_ENABLE_MODULES = YES;
				CLANG_ENABLE_OBJC_ARC = YES;
				CLANG_ENABLE_OBJC_WEAK = YES;
				CLANG_WARN_BLOCK_CAPTURE_AUTORELEASING = YES;
				CLANG_WARN_BOOL_CONVERSION = YES;
				CLANG_WARN_COMMA = YES;
				CLANG_WARN_CONSTANT_CONVERSION = YES;
				CLANG_WARN_DEPRECATED_OBJC_IMPLEMENTATIONS = YES;
				CLANG_WARN_DIRECT_OBJC_ISA_USAGE = YES_ERROR;
				CLANG_WARN_DOCUMENTATION_COMMENTS = YES;
				CLANG_WARN_EMPTY_BODY = YES;
				CLANG_WARN_ENUM_CONVERSION = YES;
				CLANG_WARN_INFINITE_RECURSION = YES;
				CLANG_WARN_INT_CONVERSION = YES;
				CLANG_WARN_NON_LITERAL_NULL_CONVERSION = YES;
				CLANG_WARN_OBJC_IMPLICIT_RETAIN_SELF = YES;
				CLANG_WARN_OBJC_LITERAL_CONVERSION = YES;
				CLANG_WARN_OBJC_ROOT_CLASS = YES_ERROR;
				CLANG_WARN_QUOTED_INCLUDE_IN_FRAMEWORK_HEADER = YES;
				CLANG_WARN_RANGE_LOOP_ANALYSIS = YES;
				CLANG_WARN_STRICT_PROTOTYPES = YES;
				CLANG_WARN_SUSPICIOUS_MOVE = YES;
				CLANG_WARN_UNGUARDED_AVAILABILITY = YES_AGGRESSIVE;
				CLANG_WARN_UNREACHABLE_CODE = YES;
				CLANG_WARN__DUPLICATE_METHOD_MATCH = YES;
				COPY_PHASE_STRIP = NO;
				DEBUG_INFORMATION_FORMAT = dwarf;
				ENABLE_STRICT_OBJC_MSGSEND = YES;
				ENABLE_TESTABILITY = YES;
				ENABLE_USER_SCRIPT_SANDBOXING = YES;
				GCC_C_LANGUAGE_STANDARD = gnu17;
				GCC_DYNAMIC_NO_PIC = NO;
				GCC_NO_COMMON_BLOCKS = YES;
				GCC_OPTIMIZATION_LEVEL = 0;
				GCC_PREPROCESSOR_DEFINITIONS = (
					"DEBUG=1",
					"$(inherited)",
				);
				GCC_WARN_64_TO_32_BIT_CONVERSION = YES;
				GCC_WARN_ABOUT_RETURN_TYPE = YES_ERROR;
				GCC_WARN_UNDECLARED_SELECTOR = YES;
				GCC_WARN_UNINITIALIZED_AUTOS = YES_AGGRESSIVE;
				GCC_WARN_UNUSED_FUNCTION = YES;
				GCC_WARN_UNUSED_VARIABLE = YES;
				IPHONEOS_DEPLOYMENT_TARGET = 17.2;
				LOCALIZATION_PREFERS_STRING_CATALOGS = YES;
				MTL_ENABLE_DEBUG_INFO = INCLUDE_SOURCE;
				MTL_FAST_MATH = YES;
				ONLY_ACTIVE_ARCH = YES;
				SDKROOT = iphoneos;
				SWIFT_ACTIVE_COMPILATION_CONDITIONS = "DEBUG $(inherited)";
				SWIFT_OPTIMIZATION_LEVEL = "-Onone";
			};
			name = Debug;
		};
		786B6D832BCBCA5A003EB05F /* Release */ = {
			isa = XCBuildConfiguration;
			buildSettings = {
				ALWAYS_SEARCH_USER_PATHS = NO;
				ASSETCATALOG_COMPILER_GENERATE_SWIFT_ASSET_SYMBOL_EXTENSIONS = YES;
				CLANG_ANALYZER_NONNULL = YES;
				CLANG_ANALYZER_NUMBER_OBJECT_CONVERSION = YES_AGGRESSIVE;
				CLANG_CXX_LANGUAGE_STANDARD = "gnu++20";
				CLANG_ENABLE_MODULES = YES;
				CLANG_ENABLE_OBJC_ARC = YES;
				CLANG_ENABLE_OBJC_WEAK = YES;
				CLANG_WARN_BLOCK_CAPTURE_AUTORELEASING = YES;
				CLANG_WARN_BOOL_CONVERSION = YES;
				CLANG_WARN_COMMA = YES;
				CLANG_WARN_CONSTANT_CONVERSION = YES;
				CLANG_WARN_DEPRECATED_OBJC_IMPLEMENTATIONS = YES;
				CLANG_WARN_DIRECT_OBJC_ISA_USAGE = YES_ERROR;
				CLANG_WARN_DOCUMENTATION_COMMENTS = YES;
				CLANG_WARN_EMPTY_BODY = YES;
				CLANG_WARN_ENUM_CONVERSION = YES;
				CLANG_WARN_INFINITE_RECURSION = YES;
				CLANG_WARN_INT_CONVERSION = YES;
				CLANG_WARN_NON_LITERAL_NULL_CONVERSION = YES;
				CLANG_WARN_OBJC_IMPLICIT_RETAIN_SELF = YES;
				CLANG_WARN_OBJC_LITERAL_CONVERSION = YES;
				CLANG_WARN_OBJC_ROOT_CLASS = YES_ERROR;
				CLANG_WARN_QUOTED_INCLUDE_IN_FRAMEWORK_HEADER = YES;
				CLANG_WARN_RANGE_LOOP_ANALYSIS = YES;
				CLANG_WARN_STRICT_PROTOTYPES = YES;
				CLANG_WARN_SUSPICIOUS_MOVE = YES;
				CLANG_WARN_UNGUARDED_AVAILABILITY = YES_AGGRESSIVE;
				CLANG_WARN_UNREACHABLE_CODE = YES;
				CLANG_WARN__DUPLICATE_METHOD_MATCH = YES;
				COPY_PHASE_STRIP = NO;
				DEBUG_INFORMATION_FORMAT = "dwarf-with-dsym";
				ENABLE_NS_ASSERTIONS = NO;
				ENABLE_STRICT_OBJC_MSGSEND = YES;
				ENABLE_USER_SCRIPT_SANDBOXING = YES;
				GCC_C_LANGUAGE_STANDARD = gnu17;
				GCC_NO_COMMON_BLOCKS = YES;
				GCC_WARN_64_TO_32_BIT_CONVERSION = YES;
				GCC_WARN_ABOUT_RETURN_TYPE = YES_ERROR;
				GCC_WARN_UNDECLARED_SELECTOR = YES;
				GCC_WARN_UNINITIALIZED_AUTOS = YES_AGGRESSIVE;
				GCC_WARN_UNUSED_FUNCTION = YES;
				GCC_WARN_UNUSED_VARIABLE = YES;
				IPHONEOS_DEPLOYMENT_TARGET = 17.2;
				LOCALIZATION_PREFERS_STRING_CATALOGS = YES;
				MTL_ENABLE_DEBUG_INFO = NO;
				MTL_FAST_MATH = YES;
				SDKROOT = iphoneos;
				SWIFT_COMPILATION_MODE = wholemodule;
				VALIDATE_PRODUCT = YES;
			};
			name = Release;
		};
		786B6D852BCBCA5A003EB05F /* Debug */ = {
			isa = XCBuildConfiguration;
			buildSettings = {
				ASSETCATALOG_COMPILER_APPICON_NAME = AppIcon;
				ASSETCATALOG_COMPILER_GLOBAL_ACCENT_COLOR_NAME = AccentColor;
				CODE_SIGN_STYLE = Automatic;
				CURRENT_PROJECT_VERSION = 1;
				DEVELOPMENT_ASSET_PATHS = "\"BigBangApp/Resources/Preview Content\"";
				DEVELOPMENT_TEAM = NFHBGVPL44;
				ENABLE_PREVIEWS = YES;
				GENERATE_INFOPLIST_FILE = YES;
				INFOPLIST_KEY_UIApplicationSceneManifest_Generation = YES;
				INFOPLIST_KEY_UIApplicationSupportsIndirectInputEvents = YES;
				INFOPLIST_KEY_UILaunchScreen_Generation = YES;
				INFOPLIST_KEY_UISupportedInterfaceOrientations_iPad = "UIInterfaceOrientationPortrait UIInterfaceOrientationPortraitUpsideDown UIInterfaceOrientationLandscapeLeft UIInterfaceOrientationLandscapeRight";
				INFOPLIST_KEY_UISupportedInterfaceOrientations_iPhone = "UIInterfaceOrientationPortrait UIInterfaceOrientationLandscapeLeft UIInterfaceOrientationLandscapeRight";
				LD_RUNPATH_SEARCH_PATHS = (
					"$(inherited)",
					"@executable_path/Frameworks",
				);
				MARKETING_VERSION = 1.0;
				PRODUCT_BUNDLE_IDENTIFIER = jle.Bootcamp2024Exercises.swiftUI.BigBangApp;
				PRODUCT_NAME = "$(TARGET_NAME)";
				SWIFT_EMIT_LOC_STRINGS = YES;
				SWIFT_VERSION = 5.0;
				TARGETED_DEVICE_FAMILY = "1,2";
			};
			name = Debug;
		};
		786B6D862BCBCA5A003EB05F /* Release */ = {
			isa = XCBuildConfiguration;
			buildSettings = {
				ASSETCATALOG_COMPILER_APPICON_NAME = AppIcon;
				ASSETCATALOG_COMPILER_GLOBAL_ACCENT_COLOR_NAME = AccentColor;
				CODE_SIGN_STYLE = Automatic;
				CURRENT_PROJECT_VERSION = 1;
				DEVELOPMENT_ASSET_PATHS = "\"BigBangApp/Resources/Preview Content\"";
				DEVELOPMENT_TEAM = NFHBGVPL44;
				ENABLE_PREVIEWS = YES;
				GENERATE_INFOPLIST_FILE = YES;
				INFOPLIST_KEY_UIApplicationSceneManifest_Generation = YES;
				INFOPLIST_KEY_UIApplicationSupportsIndirectInputEvents = YES;
				INFOPLIST_KEY_UILaunchScreen_Generation = YES;
				INFOPLIST_KEY_UISupportedInterfaceOrientations_iPad = "UIInterfaceOrientationPortrait UIInterfaceOrientationPortraitUpsideDown UIInterfaceOrientationLandscapeLeft UIInterfaceOrientationLandscapeRight";
				INFOPLIST_KEY_UISupportedInterfaceOrientations_iPhone = "UIInterfaceOrientationPortrait UIInterfaceOrientationLandscapeLeft UIInterfaceOrientationLandscapeRight";
				LD_RUNPATH_SEARCH_PATHS = (
					"$(inherited)",
					"@executable_path/Frameworks",
				);
				MARKETING_VERSION = 1.0;
				PRODUCT_BUNDLE_IDENTIFIER = jle.Bootcamp2024Exercises.swiftUI.BigBangApp;
				PRODUCT_NAME = "$(TARGET_NAME)";
				SWIFT_EMIT_LOC_STRINGS = YES;
				SWIFT_VERSION = 5.0;
				TARGETED_DEVICE_FAMILY = "1,2";
			};
			name = Release;
		};
		786B6D882BCBCA5A003EB05F /* Debug */ = {
			isa = XCBuildConfiguration;
			buildSettings = {
				ALWAYS_EMBED_SWIFT_STANDARD_LIBRARIES = YES;
				BUNDLE_LOADER = "$(TEST_HOST)";
				CODE_SIGN_STYLE = Automatic;
				CURRENT_PROJECT_VERSION = 1;
				DEVELOPMENT_TEAM = NFHBGVPL44;
				GENERATE_INFOPLIST_FILE = YES;
				IPHONEOS_DEPLOYMENT_TARGET = 17.2;
				MARKETING_VERSION = 1.0;
				PRODUCT_BUNDLE_IDENTIFIER = jle.Bootcamp2024Exercises.swiftUI.BigBangAppTests;
				PRODUCT_NAME = "$(TARGET_NAME)";
				SWIFT_EMIT_LOC_STRINGS = NO;
				SWIFT_VERSION = 5.0;
				TARGETED_DEVICE_FAMILY = "1,2";
				TEST_HOST = "$(BUILT_PRODUCTS_DIR)/BigBangApp.app/$(BUNDLE_EXECUTABLE_FOLDER_PATH)/BigBangApp";
			};
			name = Debug;
		};
		786B6D892BCBCA5A003EB05F /* Release */ = {
			isa = XCBuildConfiguration;
			buildSettings = {
				ALWAYS_EMBED_SWIFT_STANDARD_LIBRARIES = YES;
				BUNDLE_LOADER = "$(TEST_HOST)";
				CODE_SIGN_STYLE = Automatic;
				CURRENT_PROJECT_VERSION = 1;
				DEVELOPMENT_TEAM = NFHBGVPL44;
				GENERATE_INFOPLIST_FILE = YES;
				IPHONEOS_DEPLOYMENT_TARGET = 17.2;
				MARKETING_VERSION = 1.0;
				PRODUCT_BUNDLE_IDENTIFIER = jle.Bootcamp2024Exercises.swiftUI.BigBangAppTests;
				PRODUCT_NAME = "$(TARGET_NAME)";
				SWIFT_EMIT_LOC_STRINGS = NO;
				SWIFT_VERSION = 5.0;
				TARGETED_DEVICE_FAMILY = "1,2";
				TEST_HOST = "$(BUILT_PRODUCTS_DIR)/BigBangApp.app/$(BUNDLE_EXECUTABLE_FOLDER_PATH)/BigBangApp";
			};
			name = Release;
		};
		786B6D8B2BCBCA5A003EB05F /* Debug */ = {
			isa = XCBuildConfiguration;
			buildSettings = {
				ALWAYS_EMBED_SWIFT_STANDARD_LIBRARIES = YES;
				CODE_SIGN_STYLE = Automatic;
				CURRENT_PROJECT_VERSION = 1;
				DEVELOPMENT_TEAM = NFHBGVPL44;
				GENERATE_INFOPLIST_FILE = YES;
				MARKETING_VERSION = 1.0;
				PRODUCT_BUNDLE_IDENTIFIER = jle.Bootcamp2024Exercises.swiftUI.BigBangAppUITests;
				PRODUCT_NAME = "$(TARGET_NAME)";
				SWIFT_EMIT_LOC_STRINGS = NO;
				SWIFT_VERSION = 5.0;
				TARGETED_DEVICE_FAMILY = "1,2";
				TEST_TARGET_NAME = BigBangApp;
			};
			name = Debug;
		};
		786B6D8C2BCBCA5A003EB05F /* Release */ = {
			isa = XCBuildConfiguration;
			buildSettings = {
				ALWAYS_EMBED_SWIFT_STANDARD_LIBRARIES = YES;
				CODE_SIGN_STYLE = Automatic;
				CURRENT_PROJECT_VERSION = 1;
				DEVELOPMENT_TEAM = NFHBGVPL44;
				GENERATE_INFOPLIST_FILE = YES;
				MARKETING_VERSION = 1.0;
				PRODUCT_BUNDLE_IDENTIFIER = jle.Bootcamp2024Exercises.swiftUI.BigBangAppUITests;
				PRODUCT_NAME = "$(TARGET_NAME)";
				SWIFT_EMIT_LOC_STRINGS = NO;
				SWIFT_VERSION = 5.0;
				TARGETED_DEVICE_FAMILY = "1,2";
				TEST_TARGET_NAME = BigBangApp;
			};
			name = Release;
		};
/* End XCBuildConfiguration section */

/* Begin XCConfigurationList section */
		786B6D5B2BCBCA59003EB05F /* Build configuration list for PBXProject "BigBangApp" */ = {
			isa = XCConfigurationList;
			buildConfigurations = (
				786B6D822BCBCA5A003EB05F /* Debug */,
				786B6D832BCBCA5A003EB05F /* Release */,
			);
			defaultConfigurationIsVisible = 0;
			defaultConfigurationName = Release;
		};
		786B6D842BCBCA5A003EB05F /* Build configuration list for PBXNativeTarget "BigBangApp" */ = {
			isa = XCConfigurationList;
			buildConfigurations = (
				786B6D852BCBCA5A003EB05F /* Debug */,
				786B6D862BCBCA5A003EB05F /* Release */,
			);
			defaultConfigurationIsVisible = 0;
			defaultConfigurationName = Release;
		};
		786B6D872BCBCA5A003EB05F /* Build configuration list for PBXNativeTarget "BigBangAppTests" */ = {
			isa = XCConfigurationList;
			buildConfigurations = (
				786B6D882BCBCA5A003EB05F /* Debug */,
				786B6D892BCBCA5A003EB05F /* Release */,
			);
			defaultConfigurationIsVisible = 0;
			defaultConfigurationName = Release;
		};
		786B6D8A2BCBCA5A003EB05F /* Build configuration list for PBXNativeTarget "BigBangAppUITests" */ = {
			isa = XCConfigurationList;
			buildConfigurations = (
				786B6D8B2BCBCA5A003EB05F /* Debug */,
				786B6D8C2BCBCA5A003EB05F /* Release */,
			);
			defaultConfigurationIsVisible = 0;
			defaultConfigurationName = Release;
		};
/* End XCConfigurationList section */
	};
	rootObject = 786B6D582BCBCA59003EB05F /* Project object */;
}
